// !$*UTF8*$!
{
	archiveVersion = 1;
	classes = {
	};
	objectVersion = 46;
	objects = {

/* Begin PBXBuildFile section */
		FACD178A1DD6879000B6C1F7 /* AppDelegate.swift in Sources */ = {isa = PBXBuildFile; fileRef = FACD17891DD6879000B6C1F7 /* AppDelegate.swift */; };
		FACD178C1DD6879000B6C1F7 /* ViewController.swift in Sources */ = {isa = PBXBuildFile; fileRef = FACD178B1DD6879000B6C1F7 /* ViewController.swift */; };
		FACD178F1DD6879000B6C1F7 /* Main.storyboard in Resources */ = {isa = PBXBuildFile; fileRef = FACD178D1DD6879000B6C1F7 /* Main.storyboard */; };
		FACD17911DD6879000B6C1F7 /* Assets.xcassets in Resources */ = {isa = PBXBuildFile; fileRef = FACD17901DD6879000B6C1F7 /* Assets.xcassets */; };
		FACD17941DD6879000B6C1F7 /* LaunchScreen.storyboard in Resources */ = {isa = PBXBuildFile; fileRef = FACD17921DD6879000B6C1F7 /* LaunchScreen.storyboard */; };
/* End PBXBuildFile section */

/* Begin PBXFileReference section */
		FACD17861DD6879000B6C1F7 /* PixDiary.app */ = {isa = PBXFileReference; explicitFileType = wrapper.application; includeInIndex = 0; path = PixDiary.app; sourceTree = BUILT_PRODUCTS_DIR; };
		FACD17891DD6879000B6C1F7 /* AppDelegate.swift */ = {isa = PBXFileReference; lastKnownFileType = sourcecode.swift; path = AppDelegate.swift; sourceTree = "<group>"; };
		FACD178B1DD6879000B6C1F7 /* ViewController.swift */ = {isa = PBXFileReference; lastKnownFileType = sourcecode.swift; path = ViewController.swift; sourceTree = "<group>"; };
		FACD178E1DD6879000B6C1F7 /* Base */ = {isa = PBXFileReference; lastKnownFileType = file.storyboard; name = Base; path = Base.lproj/Main.storyboard; sourceTree = "<group>"; };
		FACD17901DD6879000B6C1F7 /* Assets.xcassets */ = {isa = PBXFileReference; lastKnownFileType = folder.assetcatalog; path = Assets.xcassets; sourceTree = "<group>"; };
		FACD17931DD6879000B6C1F7 /* Base */ = {isa = PBXFileReference; lastKnownFileType = file.storyboard; name = Base; path = Base.lproj/LaunchScreen.storyboard; sourceTree = "<group>"; };
		FACD17951DD6879000B6C1F7 /* Info.plist */ = {isa = PBXFileReference; lastKnownFileType = text.plist.xml; path = Info.plist; sourceTree = "<group>"; };
/* End PBXFileReference section */

/* Begin PBXFrameworksBuildPhase section */
		FACD17831DD6879000B6C1F7 /* Frameworks */ = {
			isa = PBXFrameworksBuildPhase;
			buildActionMask = 2147483647;
			files = (
			);
			runOnlyForDeploymentPostprocessing = 0;
		};
/* End PBXFrameworksBuildPhase section */

/* Begin PBXGroup section */
		FACD177D1DD6879000B6C1F7 = {
			isa = PBXGroup;
			children = (
				FACD17881DD6879000B6C1F7 /* PixDiary */,
				FACD17871DD6879000B6C1F7 /* Products */,
			);
			sourceTree = "<group>";
		};
		FACD17871DD6879000B6C1F7 /* Products */ = {
			isa = PBXGroup;
			children = (
				FACD17861DD6879000B6C1F7 /* PixDiary.app */,
			);
			name = Products;
			sourceTree = "<group>";
		};
		FACD17881DD6879000B6C1F7 /* PixDiary */ = {
			isa = PBXGroup;
			children = (
				FACD17891DD6879000B6C1F7 /* AppDelegate.swift */,
				FACD178B1DD6879000B6C1F7 /* ViewController.swift */,
				FACD178D1DD6879000B6C1F7 /* Main.storyboard */,
				FACD17901DD6879000B6C1F7 /* Assets.xcassets */,
				FACD17921DD6879000B6C1F7 /* LaunchScreen.storyboard */,
				FACD17951DD6879000B6C1F7 /* Info.plist */,
			);
			path = PixDiary;
			sourceTree = "<group>";
		};
/* End PBXGroup section */

/* Begin PBXNativeTarget section */
		FACD17851DD6879000B6C1F7 /* PixDiary */ = {
			isa = PBXNativeTarget;
			buildConfigurationList = FACD17981DD6879000B6C1F7 /* Build configuration list for PBXNativeTarget "PixDiary" */;
			buildPhases = (
				FACD17821DD6879000B6C1F7 /* Sources */,
				FACD17831DD6879000B6C1F7 /* Frameworks */,
				FACD17841DD6879000B6C1F7 /* Resources */,
			);
			buildRules = (
			);
			dependencies = (
			);
			name = PixDiary;
			productName = PixDiary;
			productReference = FACD17861DD6879000B6C1F7 /* PixDiary.app */;
			productType = "com.apple.product-type.application";
		};
/* End PBXNativeTarget section */

/* Begin PBXProject section */
		FACD177E1DD6879000B6C1F7 /* Project object */ = {
			isa = PBXProject;
			attributes = {
				LastSwiftUpdateCheck = 0810;
				LastUpgradeCheck = 0810;
				ORGANIZATIONNAME = pixcorp;
				TargetAttributes = {
					FACD17851DD6879000B6C1F7 = {
						CreatedOnToolsVersion = 8.1;
						DevelopmentTeam = 876237K769;
						ProvisioningStyle = Automatic;
					};
				};
			};
			buildConfigurationList = FACD17811DD6879000B6C1F7 /* Build configuration list for PBXProject "PixDiary" */;
			compatibilityVersion = "Xcode 3.2";
			developmentRegion = English;
			hasScannedForEncodings = 0;
			knownRegions = (
				en,
				Base,
			);
			mainGroup = FACD177D1DD6879000B6C1F7;
			productRefGroup = FACD17871DD6879000B6C1F7 /* Products */;
			projectDirPath = "";
			projectRoot = "";
			targets = (
				FACD17851DD6879000B6C1F7 /* PixDiary */,
			);
		};
/* End PBXProject section */

/* Begin PBXResourcesBuildPhase section */
		FACD17841DD6879000B6C1F7 /* Resources */ = {
			isa = PBXResourcesBuildPhase;
			buildActionMask = 2147483647;
			files = (
				FACD17941DD6879000B6C1F7 /* LaunchScreen.storyboard in Resources */,
				FACD17911DD6879000B6C1F7 /* Assets.xcassets in Resources */,
				FACD178F1DD6879000B6C1F7 /* Main.storyboard in Resources */,
			);
			runOnlyForDeploymentPostprocessing = 0;
		};
/* End PBXResourcesBuildPhase section */

/* Begin PBXSourcesBuildPhase section */
		FACD17821DD6879000B6C1F7 /* Sources */ = {
			isa = PBXSourcesBuildPhase;
			buildActionMask = 2147483647;
			files = (
				FACD178C1DD6879000B6C1F7 /* ViewController.swift in Sources */,
				FACD178A1DD6879000B6C1F7 /* AppDelegate.swift in Sources */,
			);
			runOnlyForDeploymentPostprocessing = 0;
		};
/* End PBXSourcesBuildPhase section */

/* Begin PBXVariantGroup section */
		FACD178D1DD6879000B6C1F7 /* Main.storyboard */ = {
			isa = PBXVariantGroup;
			children = (
				FACD178E1DD6879000B6C1F7 /* Base */,
			);
			name = Main.storyboard;
			sourceTree = "<group>";
		};
		FACD17921DD6879000B6C1F7 /* LaunchScreen.storyboard */ = {
			isa = PBXVariantGroup;
			children = (
				FACD17931DD6879000B6C1F7 /* Base */,
			);
			name = LaunchScreen.storyboard;
			sourceTree = "<group>";
		};
/* End PBXVariantGroup section */

/* Begin XCBuildConfiguration section */
		FACD17961DD6879000B6C1F7 /* Debug */ = {
			isa = XCBuildConfiguration;
			buildSettings = {
				ALWAYS_SEARCH_USER_PATHS = NO;
				CLANG_ANALYZER_NONNULL = YES;
				CLANG_CXX_LANGUAGE_STANDARD = "gnu++0x";
				CLANG_CXX_LIBRARY = "libc++";
				CLANG_ENABLE_MODULES = YES;
				CLANG_ENABLE_OBJC_ARC = YES;
				CLANG_WARN_BOOL_CONVERSION = YES;
				CLANG_WARN_CONSTANT_CONVERSION = YES;
				CLANG_WARN_DIRECT_OBJC_ISA_USAGE = YES_ERROR;
				CLANG_WARN_DOCUMENTATION_COMMENTS = YES;
				CLANG_WARN_EMPTY_BODY = YES;
				CLANG_WARN_ENUM_CONVERSION = YES;
				CLANG_WARN_INFINITE_RECURSION = YES;
				CLANG_WARN_INT_CONVERSION = YES;
				CLANG_WARN_OBJC_ROOT_CLASS = YES_ERROR;
				CLANG_WARN_SUSPICIOUS_MOVES = YES;
				CLANG_WARN_UNREACHABLE_CODE = YES;
				CLANG_WARN__DUPLICATE_METHOD_MATCH = YES;
				"CODE_SIGN_IDENTITY[sdk=iphoneos*]" = "iPhone Developer";
				COPY_PHASE_STRIP = NO;
				DEBUG_INFORMATION_FORMAT = dwarf;
				ENABLE_STRICT_OBJC_MSGSEND = YES;
				ENABLE_TESTABILITY = YES;
				GCC_C_LANGUAGE_STANDARD = gnu99;
				GCC_DYNAMIC_NO_PIC = NO;
				GCC_NO_COMMON_BLOCKS = YES;
				GCC_OPTIMIZATION_LEVEL = 0;
				GCC_PREPROCESSOR_DEFINITIONS = (
					"DEBUG=1",
					"$(inherited)",
				);
				GCC_WARN_64_TO_32_BIT_CONVERSION = YES;
				GCC_WARN_ABOUT_RETURN_TYPE = YES_ERROR;
				GCC_WARN_UNDECLARED_SELECTOR = YES;
				GCC_WARN_UNINITIALIZED_AUTOS = YES_AGGRESSIVE;
				GCC_WARN_UNUSED_FUNCTION = YES;
				GCC_WARN_UNUSED_VARIABLE = YES;
				IPHONEOS_DEPLOYMENT_TARGET = 10.1;
				MTL_ENABLE_DEBUG_INFO = YES;
				ONLY_ACTIVE_ARCH = YES;
				SDKROOT = iphoneos;
				SWIFT_ACTIVE_COMPILATION_CONDITIONS = DEBUG;
				SWIFT_OPTIMIZATION_LEVEL = "-Onone";
				TARGETED_DEVICE_FAMILY = "1,2";
			};
			name = Debug;
		};
		FACD17971DD6879000B6C1F7 /* Release */ = {
			isa = XCBuildConfiguration;
			buildSettings = {
				ALWAYS_SEARCH_USER_PATHS = NO;
				CLANG_ANALYZER_NONNULL = YES;
				CLANG_CXX_LANGUAGE_STANDARD = "gnu++0x";
				CLANG_CXX_LIBRARY = "libc++";
				CLANG_ENABLE_MODULES = YES;
				CLANG_ENABLE_OBJC_ARC = YES;
				CLANG_WARN_BOOL_CONVERSION = YES;
				CLANG_WARN_CONSTANT_CONVERSION = YES;
				CLANG_WARN_DIRECT_OBJC_ISA_USAGE = YES_ERROR;
				CLANG_WARN_DOCUMENTATION_COMMENTS = YES;
				CLANG_WARN_EMPTY_BODY = YES;
				CLANG_WARN_ENUM_CONVERSION = YES;
				CLANG_WARN_INFINITE_RECURSION = YES;
				CLANG_WARN_INT_CONVERSION = YES;
				CLANG_WARN_OBJC_ROOT_CLASS = YES_ERROR;
				CLANG_WARN_SUSPICIOUS_MOVES = YES;
				CLANG_WARN_UNREACHABLE_CODE = YES;
				CLANG_WARN__DUPLICATE_METHOD_MATCH = YES;
				"CODE_SIGN_IDENTITY[sdk=iphoneos*]" = "iPhone Developer";
				COPY_PHASE_STRIP = NO;
				DEBUG_INFORMATION_FORMAT = "dwarf-with-dsym";
				ENABLE_NS_ASSERTIONS = NO;
				ENABLE_STRICT_OBJC_MSGSEND = YES;
				GCC_C_LANGUAGE_STANDARD = gnu99;
				GCC_NO_COMMON_BLOCKS = YES;
				GCC_WARN_64_TO_32_BIT_CONVERSION = YES;
				GCC_WARN_ABOUT_RETURN_TYPE = YES_ERROR;
				GCC_WARN_UNDECLARED_SELECTOR = YES;
				GCC_WARN_UNINITIALIZED_AUTOS = YES_AGGRESSIVE;
				GCC_WARN_UNUSED_FUNCTION = YES;
				GCC_WARN_UNUSED_VARIABLE = YES;
				IPHONEOS_DEPLOYMENT_TARGET = 10.1;
				MTL_ENABLE_DEBUG_INFO = NO;
				SDKROOT = iphoneos;
				SWIFT_OPTIMIZATION_LEVEL = "-Owholemodule";
				TARGETED_DEVICE_FAMILY = "1,2";
				VALIDATE_PRODUCT = YES;
			};
			name = Release;
		};
		FACD17991DD6879000B6C1F7 /* Debug */ = {
			isa = XCBuildConfiguration;
			buildSettings = {
				ASSETCATALOG_COMPILER_APPICON_NAME = AppIcon;
				DEVELOPMENT_TEAM = 876237K769;
				INFOPLIST_FILE = PixDiary/Info.plist;
				LD_RUNPATH_SEARCH_PATHS = "$(inherited) @executable_path/Frameworks";
				PRODUCT_BUNDLE_IDENTIFIER = pixcorp.com.PixDiary;
				PRODUCT_NAME = "$(TARGET_NAME)";
				SWIFT_VERSION = 3.0;
			};
			name = Debug;
		};
		FACD179A1DD6879000B6C1F7 /* Release */ = {
			isa = XCBuildConfiguration;
			buildSettings = {
				ASSETCATALOG_COMPILER_APPICON_NAME = AppIcon;
				DEVELOPMENT_TEAM = 876237K769;
				INFOPLIST_FILE = PixDiary/Info.plist;
				LD_RUNPATH_SEARCH_PATHS = "$(inherited) @executable_path/Frameworks";
				PRODUCT_BUNDLE_IDENTIFIER = pixcorp.com.PixDiary;
				PRODUCT_NAME = "$(TARGET_NAME)";
				SWIFT_VERSION = 3.0;
			};
			name = Release;
		};
/* End XCBuildConfiguration section */

/* Begin XCConfigurationList section */
		FACD17811DD6879000B6C1F7 /* Build configuration list for PBXProject "PixDiary" */ = {
			isa = XCConfigurationList;
			buildConfigurations = (
				FACD17961DD6879000B6C1F7 /* Debug */,
				FACD17971DD6879000B6C1F7 /* Release */,
			);
			defaultConfigurationIsVisible = 0;
			defaultConfigurationName = Release;
		};
		FACD17981DD6879000B6C1F7 /* Build configuration list for PBXNativeTarget "PixDiary" */ = {
			isa = XCConfigurationList;
			buildConfigurations = (
				FACD17991DD6879000B6C1F7 /* Debug */,
				FACD179A1DD6879000B6C1F7 /* Release */,
			);
			defaultConfigurationIsVisible = 0;
			defaultConfigurationName = Release;
		};
/* End XCConfigurationList section */
	};
	rootObject = FACD177E1DD6879000B6C1F7 /* Project object */;
}
